// !$*UTF8*$!
{
	archiveVersion = 1;
	classes = {
	};
	objectVersion = 54;
	objects = {

/* Begin PBXBuildFile section */
		00E356F31AD99517003FC87E /* viewresidentsTests.m in Sources */ = {isa = PBXBuildFile; fileRef = 00E356F21AD99517003FC87E /* viewresidentsTests.m */; };
		06184BE3D74CABD16F9A2705 /* libPods-viewresidents.a in Frameworks */ = {isa = PBXBuildFile; fileRef = 40A0D763E650F5FE756B81F3 /* libPods-viewresidents.a */; };
		13B07FBC1A68108700A75B9A /* AppDelegate.m in Sources */ = {isa = PBXBuildFile; fileRef = 13B07FB01A68108700A75B9A /* AppDelegate.m */; };
		13B07FBF1A68108700A75B9A /* Images.xcassets in Resources */ = {isa = PBXBuildFile; fileRef = 13B07FB51A68108700A75B9A /* Images.xcassets */; };
		13B07FC11A68108700A75B9A /* main.m in Sources */ = {isa = PBXBuildFile; fileRef = 13B07FB71A68108700A75B9A /* main.m */; };
		81AB9BB82411601600AC10FF /* LaunchScreen.storyboard in Resources */ = {isa = PBXBuildFile; fileRef = 81AB9BB72411601600AC10FF /* LaunchScreen.storyboard */; };
		F4A449766A207BCD84595380 /* libPods-viewresidents-viewresidentsTests.a in Frameworks */ = {isa = PBXBuildFile; fileRef = A369C881147E13FF805EBF87 /* libPods-viewresidents-viewresidentsTests.a */; };
		EBC5E17B23824AA9B6B231EE /* AntDesign.ttf in Resources */ = {isa = PBXBuildFile; fileRef = DFB5E9D432C7446F99C58E47 /* AntDesign.ttf */; };
		1C0189230D9446EDAC92FAC5 /* Entypo.ttf in Resources */ = {isa = PBXBuildFile; fileRef = A7BFE98C0B874848813740E5 /* Entypo.ttf */; };
		CC93D39FFE8D4D8690A32D77 /* EvilIcons.ttf in Resources */ = {isa = PBXBuildFile; fileRef = 95FC2EA73B834E90934616DA /* EvilIcons.ttf */; };
		8D8045AC665F42569F34521B /* Feather.ttf in Resources */ = {isa = PBXBuildFile; fileRef = 9B76C2CA1EA4486082790909 /* Feather.ttf */; };
		DE30BDF3D02E49D3AFF39F39 /* FontAwesome.ttf in Resources */ = {isa = PBXBuildFile; fileRef = 1C78D31A300D497A926AD5BC /* FontAwesome.ttf */; };
		3F3E82398A594B2185F2F276 /* FontAwesome5_Brands.ttf in Resources */ = {isa = PBXBuildFile; fileRef = 99F1EEE6649B4D5F97203E38 /* FontAwesome5_Brands.ttf */; };
		AF8243192B5445A5BFF9DDC3 /* FontAwesome5_Regular.ttf in Resources */ = {isa = PBXBuildFile; fileRef = A0C98373A3084EE5BC69E774 /* FontAwesome5_Regular.ttf */; };
		7B531EC962484EB493A168C6 /* FontAwesome5_Solid.ttf in Resources */ = {isa = PBXBuildFile; fileRef = 3258673199FC4532B2738CB4 /* FontAwesome5_Solid.ttf */; };
		E7A1E68C2A59465B8083392B /* Fontisto.ttf in Resources */ = {isa = PBXBuildFile; fileRef = 0042F6C92F8C4185BE0ED86E /* Fontisto.ttf */; };
		19E174E58D21473A9CE5008A /* Foundation.ttf in Resources */ = {isa = PBXBuildFile; fileRef = 2117FA900DED4A4B89E4171B /* Foundation.ttf */; };
		55EF8F7CA7F44A3499AD0B88 /* Ionicons.ttf in Resources */ = {isa = PBXBuildFile; fileRef = E1A6AB40677247A3B90B511F /* Ionicons.ttf */; };
		2081B179ED414063A0E79D57 /* MaterialCommunityIcons.ttf in Resources */ = {isa = PBXBuildFile; fileRef = CFB2FDE22D8F4129A2B65BA2 /* MaterialCommunityIcons.ttf */; };
		B68C5988C6E44FFA95FE80BC /* MaterialIcons.ttf in Resources */ = {isa = PBXBuildFile; fileRef = AFE7EAE8B6944BF7B0C80FC3 /* MaterialIcons.ttf */; };
		D2358CE2B9524DF1A72833DD /* Octicons.ttf in Resources */ = {isa = PBXBuildFile; fileRef = 79F4C6993C3A47C2869D2C98 /* Octicons.ttf */; };
		22A0B1ABF4064E72B391A120 /* SimpleLineIcons.ttf in Resources */ = {isa = PBXBuildFile; fileRef = 319A26809AFB411C96D935B8 /* SimpleLineIcons.ttf */; };
		C7B7E994D21941FAB8D268A5 /* Zocial.ttf in Resources */ = {isa = PBXBuildFile; fileRef = F68CCDEA5F0C48A6A93EB099 /* Zocial.ttf */; };
		07D31475141D42FBA10C16B8 /* IBMPlexSans-ExtraLightItalic.ttf in Resources */ = {isa = PBXBuildFile; fileRef = 40546F822D604ECDADCD9936 /* IBMPlexSans-ExtraLightItalic.ttf */; };
		649FAF430F624021ACE0543E /* IBMPlexSans-Bold.ttf in Resources */ = {isa = PBXBuildFile; fileRef = 73E461E2ACBE490DB7CC10DE /* IBMPlexSans-Bold.ttf */; };
		19FCC47F3A7D440C96D7A19D /* IBMPlexSans-BoldItalic.ttf in Resources */ = {isa = PBXBuildFile; fileRef = DFAAECCE6C754687B8C0EAE9 /* IBMPlexSans-BoldItalic.ttf */; };
		9379207899B14D8DA8FCF4F7 /* IBMPlexSans-ExtraLight.ttf in Resources */ = {isa = PBXBuildFile; fileRef = B173229489414CE9AE0C4E2A /* IBMPlexSans-ExtraLight.ttf */; };
		7CF84A7930E847F59A5AFB90 /* IBMPlexSans-Italic.ttf in Resources */ = {isa = PBXBuildFile; fileRef = 8E1688D6546B421288FEC541 /* IBMPlexSans-Italic.ttf */; };
		E32B87F95B0D4D4985189D89 /* IBMPlexSans-Light.ttf in Resources */ = {isa = PBXBuildFile; fileRef = 3CD4ECA519CE4FE688F0B7E2 /* IBMPlexSans-Light.ttf */; };
		A44EEE04EB2047BD8BA9755F /* IBMPlexSans-LightItalic.ttf in Resources */ = {isa = PBXBuildFile; fileRef = C0861A2ABD3841CCA5BDC30F /* IBMPlexSans-LightItalic.ttf */; };
		FF9B8D06484F4B4D86923ED4 /* IBMPlexSans-Medium.ttf in Resources */ = {isa = PBXBuildFile; fileRef = 58AE91E1BE45470EBBE10690 /* IBMPlexSans-Medium.ttf */; };
		C07CA914FE774D03B5FDD3C8 /* IBMPlexSans-MediumItalic.ttf in Resources */ = {isa = PBXBuildFile; fileRef = E464C4F56C4741DCB05BDE81 /* IBMPlexSans-MediumItalic.ttf */; };
		A63925C1DE0D494296333EF4 /* IBMPlexSans-Regular.ttf in Resources */ = {isa = PBXBuildFile; fileRef = 4758E3185C8749D784995CAD /* IBMPlexSans-Regular.ttf */; };
		C868A07B85E14A76A5ACC9FB /* IBMPlexSans-SemiBold.ttf in Resources */ = {isa = PBXBuildFile; fileRef = 6461AEB4DC934DBDAE9D2416 /* IBMPlexSans-SemiBold.ttf */; };
		E4DDDE1C2C044B948D96FDE4 /* IBMPlexSans-SemiBoldItalic.ttf in Resources */ = {isa = PBXBuildFile; fileRef = 92C2752EE6B44E9F976AFE15 /* IBMPlexSans-SemiBoldItalic.ttf */; };
		EE834FEEDCDE49098DB93D81 /* IBMPlexSans-Thin.ttf in Resources */ = {isa = PBXBuildFile; fileRef = 2131B74EC0064BF4AB7B5037 /* IBMPlexSans-Thin.ttf */; };
		EB4CE205447D4EF795CA03B0 /* IBMPlexSans-ThinItalic.ttf in Resources */ = {isa = PBXBuildFile; fileRef = 388563C2534D4862BCEB7A96 /* IBMPlexSans-ThinItalic.ttf */; };
		D619556AAF6E4FD89A8B2BFA /* GothamMedium.ttf in Resources */ = {isa = PBXBuildFile; fileRef = 16882985A6344DC9BC6DDC3F /* GothamMedium.ttf */; };
/* End PBXBuildFile section */

/* Begin PBXContainerItemProxy section */
		00E356F41AD99517003FC87E /* PBXContainerItemProxy */ = {
			isa = PBXContainerItemProxy;
			containerPortal = 83CBB9F71A601CBA00E9B192 /* Project object */;
			proxyType = 1;
			remoteGlobalIDString = 13B07F861A680F5B00A75B9A;
			remoteInfo = viewresidents;
		};
/* End PBXContainerItemProxy section */

/* Begin PBXFileReference section */
		0042F6C92F8C4185BE0ED86E /* Fontisto.ttf */ = {isa = PBXFileReference; explicitFileType = undefined; fileEncoding = 9; includeInIndex = 0; lastKnownFileType = unknown; name = Fontisto.ttf; path = "../node_modules/react-native-vector-icons/Fonts/Fontisto.ttf"; sourceTree = "<group>"; };
		00E356EE1AD99517003FC87E /* viewresidentsTests.xctest */ = {isa = PBXFileReference; explicitFileType = wrapper.cfbundle; includeInIndex = 0; path = viewresidentsTests.xctest; sourceTree = BUILT_PRODUCTS_DIR; };
		00E356F11AD99517003FC87E /* Info.plist */ = {isa = PBXFileReference; lastKnownFileType = text.plist.xml; path = Info.plist; sourceTree = "<group>"; };
		00E356F21AD99517003FC87E /* viewresidentsTests.m */ = {isa = PBXFileReference; lastKnownFileType = sourcecode.c.objc; path = viewresidentsTests.m; sourceTree = "<group>"; };
		10E727CEA14FA8A082F31D0D /* Pods-viewresidents-viewresidentsTests.release.xcconfig */ = {isa = PBXFileReference; includeInIndex = 1; lastKnownFileType = text.xcconfig; name = "Pods-viewresidents-viewresidentsTests.release.xcconfig"; path = "Target Support Files/Pods-viewresidents-viewresidentsTests/Pods-viewresidents-viewresidentsTests.release.xcconfig"; sourceTree = "<group>"; };
		13B07F961A680F5B00A75B9A /* viewresidents.app */ = {isa = PBXFileReference; explicitFileType = wrapper.application; includeInIndex = 0; path = viewresidents.app; sourceTree = BUILT_PRODUCTS_DIR; };
		13B07FAF1A68108700A75B9A /* AppDelegate.h */ = {isa = PBXFileReference; fileEncoding = 4; lastKnownFileType = sourcecode.c.h; name = AppDelegate.h; path = viewresidents/AppDelegate.h; sourceTree = "<group>"; };
		13B07FB01A68108700A75B9A /* AppDelegate.m */ = {isa = PBXFileReference; fileEncoding = 4; lastKnownFileType = sourcecode.c.objc; name = AppDelegate.m; path = viewresidents/AppDelegate.m; sourceTree = "<group>"; };
		13B07FB51A68108700A75B9A /* Images.xcassets */ = {isa = PBXFileReference; lastKnownFileType = folder.assetcatalog; name = Images.xcassets; path = viewresidents/Images.xcassets; sourceTree = "<group>"; };
		13B07FB61A68108700A75B9A /* Info.plist */ = {isa = PBXFileReference; fileEncoding = 4; lastKnownFileType = text.plist.xml; name = Info.plist; path = viewresidents/Info.plist; sourceTree = "<group>"; };
		13B07FB71A68108700A75B9A /* main.m */ = {isa = PBXFileReference; fileEncoding = 4; lastKnownFileType = sourcecode.c.objc; name = main.m; path = viewresidents/main.m; sourceTree = "<group>"; };
		1C78D31A300D497A926AD5BC /* FontAwesome.ttf */ = {isa = PBXFileReference; explicitFileType = undefined; fileEncoding = 9; includeInIndex = 0; lastKnownFileType = unknown; name = FontAwesome.ttf; path = "../node_modules/react-native-vector-icons/Fonts/FontAwesome.ttf"; sourceTree = "<group>"; };
		2117FA900DED4A4B89E4171B /* Foundation.ttf */ = {isa = PBXFileReference; explicitFileType = undefined; fileEncoding = 9; includeInIndex = 0; lastKnownFileType = unknown; name = Foundation.ttf; path = "../node_modules/react-native-vector-icons/Fonts/Foundation.ttf"; sourceTree = "<group>"; };
		319A26809AFB411C96D935B8 /* SimpleLineIcons.ttf */ = {isa = PBXFileReference; explicitFileType = undefined; fileEncoding = 9; includeInIndex = 0; lastKnownFileType = unknown; name = SimpleLineIcons.ttf; path = "../node_modules/react-native-vector-icons/Fonts/SimpleLineIcons.ttf"; sourceTree = "<group>"; };
		3258673199FC4532B2738CB4 /* FontAwesome5_Solid.ttf */ = {isa = PBXFileReference; explicitFileType = undefined; fileEncoding = 9; includeInIndex = 0; lastKnownFileType = unknown; name = FontAwesome5_Solid.ttf; path = "../node_modules/react-native-vector-icons/Fonts/FontAwesome5_Solid.ttf"; sourceTree = "<group>"; };
		40A0D763E650F5FE756B81F3 /* libPods-viewresidents.a */ = {isa = PBXFileReference; explicitFileType = archive.ar; includeInIndex = 0; path = "libPods-viewresidents.a"; sourceTree = BUILT_PRODUCTS_DIR; };
		79F4C6993C3A47C2869D2C98 /* Octicons.ttf */ = {isa = PBXFileReference; explicitFileType = undefined; fileEncoding = 9; includeInIndex = 0; lastKnownFileType = unknown; name = Octicons.ttf; path = "../node_modules/react-native-vector-icons/Fonts/Octicons.ttf"; sourceTree = "<group>"; };
		81AB9BB72411601600AC10FF /* LaunchScreen.storyboard */ = {isa = PBXFileReference; fileEncoding = 4; lastKnownFileType = file.storyboard; name = LaunchScreen.storyboard; path = viewresidents/LaunchScreen.storyboard; sourceTree = "<group>"; };
		95FC2EA73B834E90934616DA /* EvilIcons.ttf */ = {isa = PBXFileReference; explicitFileType = undefined; fileEncoding = 9; includeInIndex = 0; lastKnownFileType = unknown; name = EvilIcons.ttf; path = "../node_modules/react-native-vector-icons/Fonts/EvilIcons.ttf"; sourceTree = "<group>"; };
		99F1EEE6649B4D5F97203E38 /* FontAwesome5_Brands.ttf */ = {isa = PBXFileReference; explicitFileType = undefined; fileEncoding = 9; includeInIndex = 0; lastKnownFileType = unknown; name = FontAwesome5_Brands.ttf; path = "../node_modules/react-native-vector-icons/Fonts/FontAwesome5_Brands.ttf"; sourceTree = "<group>"; };
		9B76C2CA1EA4486082790909 /* Feather.ttf */ = {isa = PBXFileReference; explicitFileType = undefined; fileEncoding = 9; includeInIndex = 0; lastKnownFileType = unknown; name = Feather.ttf; path = "../node_modules/react-native-vector-icons/Fonts/Feather.ttf"; sourceTree = "<group>"; };
		A0C98373A3084EE5BC69E774 /* FontAwesome5_Regular.ttf */ = {isa = PBXFileReference; explicitFileType = undefined; fileEncoding = 9; includeInIndex = 0; lastKnownFileType = unknown; name = FontAwesome5_Regular.ttf; path = "../node_modules/react-native-vector-icons/Fonts/FontAwesome5_Regular.ttf"; sourceTree = "<group>"; };
		A369C881147E13FF805EBF87 /* libPods-viewresidents-viewresidentsTests.a */ = {isa = PBXFileReference; explicitFileType = archive.ar; includeInIndex = 0; path = "libPods-viewresidents-viewresidentsTests.a"; sourceTree = BUILT_PRODUCTS_DIR; };
		A7BFE98C0B874848813740E5 /* Entypo.ttf */ = {isa = PBXFileReference; explicitFileType = undefined; fileEncoding = 9; includeInIndex = 0; lastKnownFileType = unknown; name = Entypo.ttf; path = "../node_modules/react-native-vector-icons/Fonts/Entypo.ttf"; sourceTree = "<group>"; };
		AFE7EAE8B6944BF7B0C80FC3 /* MaterialIcons.ttf */ = {isa = PBXFileReference; explicitFileType = undefined; fileEncoding = 9; includeInIndex = 0; lastKnownFileType = unknown; name = MaterialIcons.ttf; path = "../node_modules/react-native-vector-icons/Fonts/MaterialIcons.ttf"; sourceTree = "<group>"; };
		BAB81AF882D51421CF49D933 /* Pods-viewresidents-viewresidentsTests.debug.xcconfig */ = {isa = PBXFileReference; includeInIndex = 1; lastKnownFileType = text.xcconfig; name = "Pods-viewresidents-viewresidentsTests.debug.xcconfig"; path = "Target Support Files/Pods-viewresidents-viewresidentsTests/Pods-viewresidents-viewresidentsTests.debug.xcconfig"; sourceTree = "<group>"; };
		CFB2FDE22D8F4129A2B65BA2 /* MaterialCommunityIcons.ttf */ = {isa = PBXFileReference; explicitFileType = undefined; fileEncoding = 9; includeInIndex = 0; lastKnownFileType = unknown; name = MaterialCommunityIcons.ttf; path = "../node_modules/react-native-vector-icons/Fonts/MaterialCommunityIcons.ttf"; sourceTree = "<group>"; };
		D264911518E087CCA864B3B2 /* Pods-viewresidents.debug.xcconfig */ = {isa = PBXFileReference; includeInIndex = 1; lastKnownFileType = text.xcconfig; name = "Pods-viewresidents.debug.xcconfig"; path = "Target Support Files/Pods-viewresidents/Pods-viewresidents.debug.xcconfig"; sourceTree = "<group>"; };
		DFB5E9D432C7446F99C58E47 /* AntDesign.ttf */ = {isa = PBXFileReference; explicitFileType = undefined; fileEncoding = 9; includeInIndex = 0; lastKnownFileType = unknown; name = AntDesign.ttf; path = "../node_modules/react-native-vector-icons/Fonts/AntDesign.ttf"; sourceTree = "<group>"; };
		E1A6AB40677247A3B90B511F /* Ionicons.ttf */ = {isa = PBXFileReference; explicitFileType = undefined; fileEncoding = 9; includeInIndex = 0; lastKnownFileType = unknown; name = Ionicons.ttf; path = "../node_modules/react-native-vector-icons/Fonts/Ionicons.ttf"; sourceTree = "<group>"; };
		ED297162215061F000B7C4FE /* JavaScriptCore.framework */ = {isa = PBXFileReference; lastKnownFileType = wrapper.framework; name = JavaScriptCore.framework; path = System/Library/Frameworks/JavaScriptCore.framework; sourceTree = SDKROOT; };
		F68CCDEA5F0C48A6A93EB099 /* Zocial.ttf */ = {isa = PBXFileReference; explicitFileType = undefined; fileEncoding = 9; includeInIndex = 0; lastKnownFileType = unknown; name = Zocial.ttf; path = "../node_modules/react-native-vector-icons/Fonts/Zocial.ttf"; sourceTree = "<group>"; };
		F772A96F9C7480845D36F241 /* Pods-viewresidents.release.xcconfig */ = {isa = PBXFileReference; includeInIndex = 1; lastKnownFileType = text.xcconfig; name = "Pods-viewresidents.release.xcconfig"; path = "Target Support Files/Pods-viewresidents/Pods-viewresidents.release.xcconfig"; sourceTree = "<group>"; };
		DFB5E9D432C7446F99C58E47 /* AntDesign.ttf */ = {isa = PBXFileReference; name = "AntDesign.ttf"; path = "../node_modules/react-native-vector-icons/Fonts/AntDesign.ttf"; sourceTree = "<group>"; fileEncoding = undefined; lastKnownFileType = unknown; explicitFileType = undefined; includeInIndex = 0; };
		A7BFE98C0B874848813740E5 /* Entypo.ttf */ = {isa = PBXFileReference; name = "Entypo.ttf"; path = "../node_modules/react-native-vector-icons/Fonts/Entypo.ttf"; sourceTree = "<group>"; fileEncoding = undefined; lastKnownFileType = unknown; explicitFileType = undefined; includeInIndex = 0; };
		95FC2EA73B834E90934616DA /* EvilIcons.ttf */ = {isa = PBXFileReference; name = "EvilIcons.ttf"; path = "../node_modules/react-native-vector-icons/Fonts/EvilIcons.ttf"; sourceTree = "<group>"; fileEncoding = undefined; lastKnownFileType = unknown; explicitFileType = undefined; includeInIndex = 0; };
		9B76C2CA1EA4486082790909 /* Feather.ttf */ = {isa = PBXFileReference; name = "Feather.ttf"; path = "../node_modules/react-native-vector-icons/Fonts/Feather.ttf"; sourceTree = "<group>"; fileEncoding = undefined; lastKnownFileType = unknown; explicitFileType = undefined; includeInIndex = 0; };
		1C78D31A300D497A926AD5BC /* FontAwesome.ttf */ = {isa = PBXFileReference; name = "FontAwesome.ttf"; path = "../node_modules/react-native-vector-icons/Fonts/FontAwesome.ttf"; sourceTree = "<group>"; fileEncoding = undefined; lastKnownFileType = unknown; explicitFileType = undefined; includeInIndex = 0; };
		99F1EEE6649B4D5F97203E38 /* FontAwesome5_Brands.ttf */ = {isa = PBXFileReference; name = "FontAwesome5_Brands.ttf"; path = "../node_modules/react-native-vector-icons/Fonts/FontAwesome5_Brands.ttf"; sourceTree = "<group>"; fileEncoding = undefined; lastKnownFileType = unknown; explicitFileType = undefined; includeInIndex = 0; };
		A0C98373A3084EE5BC69E774 /* FontAwesome5_Regular.ttf */ = {isa = PBXFileReference; name = "FontAwesome5_Regular.ttf"; path = "../node_modules/react-native-vector-icons/Fonts/FontAwesome5_Regular.ttf"; sourceTree = "<group>"; fileEncoding = undefined; lastKnownFileType = unknown; explicitFileType = undefined; includeInIndex = 0; };
		3258673199FC4532B2738CB4 /* FontAwesome5_Solid.ttf */ = {isa = PBXFileReference; name = "FontAwesome5_Solid.ttf"; path = "../node_modules/react-native-vector-icons/Fonts/FontAwesome5_Solid.ttf"; sourceTree = "<group>"; fileEncoding = undefined; lastKnownFileType = unknown; explicitFileType = undefined; includeInIndex = 0; };
		0042F6C92F8C4185BE0ED86E /* Fontisto.ttf */ = {isa = PBXFileReference; name = "Fontisto.ttf"; path = "../node_modules/react-native-vector-icons/Fonts/Fontisto.ttf"; sourceTree = "<group>"; fileEncoding = undefined; lastKnownFileType = unknown; explicitFileType = undefined; includeInIndex = 0; };
		2117FA900DED4A4B89E4171B /* Foundation.ttf */ = {isa = PBXFileReference; name = "Foundation.ttf"; path = "../node_modules/react-native-vector-icons/Fonts/Foundation.ttf"; sourceTree = "<group>"; fileEncoding = undefined; lastKnownFileType = unknown; explicitFileType = undefined; includeInIndex = 0; };
		E1A6AB40677247A3B90B511F /* Ionicons.ttf */ = {isa = PBXFileReference; name = "Ionicons.ttf"; path = "../node_modules/react-native-vector-icons/Fonts/Ionicons.ttf"; sourceTree = "<group>"; fileEncoding = undefined; lastKnownFileType = unknown; explicitFileType = undefined; includeInIndex = 0; };
		CFB2FDE22D8F4129A2B65BA2 /* MaterialCommunityIcons.ttf */ = {isa = PBXFileReference; name = "MaterialCommunityIcons.ttf"; path = "../node_modules/react-native-vector-icons/Fonts/MaterialCommunityIcons.ttf"; sourceTree = "<group>"; fileEncoding = undefined; lastKnownFileType = unknown; explicitFileType = undefined; includeInIndex = 0; };
		AFE7EAE8B6944BF7B0C80FC3 /* MaterialIcons.ttf */ = {isa = PBXFileReference; name = "MaterialIcons.ttf"; path = "../node_modules/react-native-vector-icons/Fonts/MaterialIcons.ttf"; sourceTree = "<group>"; fileEncoding = undefined; lastKnownFileType = unknown; explicitFileType = undefined; includeInIndex = 0; };
		79F4C6993C3A47C2869D2C98 /* Octicons.ttf */ = {isa = PBXFileReference; name = "Octicons.ttf"; path = "../node_modules/react-native-vector-icons/Fonts/Octicons.ttf"; sourceTree = "<group>"; fileEncoding = undefined; lastKnownFileType = unknown; explicitFileType = undefined; includeInIndex = 0; };
		319A26809AFB411C96D935B8 /* SimpleLineIcons.ttf */ = {isa = PBXFileReference; name = "SimpleLineIcons.ttf"; path = "../node_modules/react-native-vector-icons/Fonts/SimpleLineIcons.ttf"; sourceTree = "<group>"; fileEncoding = undefined; lastKnownFileType = unknown; explicitFileType = undefined; includeInIndex = 0; };
		F68CCDEA5F0C48A6A93EB099 /* Zocial.ttf */ = {isa = PBXFileReference; name = "Zocial.ttf"; path = "../node_modules/react-native-vector-icons/Fonts/Zocial.ttf"; sourceTree = "<group>"; fileEncoding = undefined; lastKnownFileType = unknown; explicitFileType = undefined; includeInIndex = 0; };
		40546F822D604ECDADCD9936 /* IBMPlexSans-ExtraLightItalic.ttf */ = {isa = PBXFileReference; name = "IBMPlexSans-ExtraLightItalic.ttf"; path = "../src/assets/fonts/IBMPlexSans-ExtraLightItalic.ttf"; sourceTree = "<group>"; fileEncoding = undefined; lastKnownFileType = unknown; explicitFileType = undefined; includeInIndex = 0; };
		73E461E2ACBE490DB7CC10DE /* IBMPlexSans-Bold.ttf */ = {isa = PBXFileReference; name = "IBMPlexSans-Bold.ttf"; path = "../src/assets/fonts/IBMPlexSans-Bold.ttf"; sourceTree = "<group>"; fileEncoding = undefined; lastKnownFileType = unknown; explicitFileType = undefined; includeInIndex = 0; };
		DFAAECCE6C754687B8C0EAE9 /* IBMPlexSans-BoldItalic.ttf */ = {isa = PBXFileReference; name = "IBMPlexSans-BoldItalic.ttf"; path = "../src/assets/fonts/IBMPlexSans-BoldItalic.ttf"; sourceTree = "<group>"; fileEncoding = undefined; lastKnownFileType = unknown; explicitFileType = undefined; includeInIndex = 0; };
		B173229489414CE9AE0C4E2A /* IBMPlexSans-ExtraLight.ttf */ = {isa = PBXFileReference; name = "IBMPlexSans-ExtraLight.ttf"; path = "../src/assets/fonts/IBMPlexSans-ExtraLight.ttf"; sourceTree = "<group>"; fileEncoding = undefined; lastKnownFileType = unknown; explicitFileType = undefined; includeInIndex = 0; };
		8E1688D6546B421288FEC541 /* IBMPlexSans-Italic.ttf */ = {isa = PBXFileReference; name = "IBMPlexSans-Italic.ttf"; path = "../src/assets/fonts/IBMPlexSans-Italic.ttf"; sourceTree = "<group>"; fileEncoding = undefined; lastKnownFileType = unknown; explicitFileType = undefined; includeInIndex = 0; };
		3CD4ECA519CE4FE688F0B7E2 /* IBMPlexSans-Light.ttf */ = {isa = PBXFileReference; name = "IBMPlexSans-Light.ttf"; path = "../src/assets/fonts/IBMPlexSans-Light.ttf"; sourceTree = "<group>"; fileEncoding = undefined; lastKnownFileType = unknown; explicitFileType = undefined; includeInIndex = 0; };
		C0861A2ABD3841CCA5BDC30F /* IBMPlexSans-LightItalic.ttf */ = {isa = PBXFileReference; name = "IBMPlexSans-LightItalic.ttf"; path = "../src/assets/fonts/IBMPlexSans-LightItalic.ttf"; sourceTree = "<group>"; fileEncoding = undefined; lastKnownFileType = unknown; explicitFileType = undefined; includeInIndex = 0; };
		58AE91E1BE45470EBBE10690 /* IBMPlexSans-Medium.ttf */ = {isa = PBXFileReference; name = "IBMPlexSans-Medium.ttf"; path = "../src/assets/fonts/IBMPlexSans-Medium.ttf"; sourceTree = "<group>"; fileEncoding = undefined; lastKnownFileType = unknown; explicitFileType = undefined; includeInIndex = 0; };
		E464C4F56C4741DCB05BDE81 /* IBMPlexSans-MediumItalic.ttf */ = {isa = PBXFileReference; name = "IBMPlexSans-MediumItalic.ttf"; path = "../src/assets/fonts/IBMPlexSans-MediumItalic.ttf"; sourceTree = "<group>"; fileEncoding = undefined; lastKnownFileType = unknown; explicitFileType = undefined; includeInIndex = 0; };
		4758E3185C8749D784995CAD /* IBMPlexSans-Regular.ttf */ = {isa = PBXFileReference; name = "IBMPlexSans-Regular.ttf"; path = "../src/assets/fonts/IBMPlexSans-Regular.ttf"; sourceTree = "<group>"; fileEncoding = undefined; lastKnownFileType = unknown; explicitFileType = undefined; includeInIndex = 0; };
		6461AEB4DC934DBDAE9D2416 /* IBMPlexSans-SemiBold.ttf */ = {isa = PBXFileReference; name = "IBMPlexSans-SemiBold.ttf"; path = "../src/assets/fonts/IBMPlexSans-SemiBold.ttf"; sourceTree = "<group>"; fileEncoding = undefined; lastKnownFileType = unknown; explicitFileType = undefined; includeInIndex = 0; };
		92C2752EE6B44E9F976AFE15 /* IBMPlexSans-SemiBoldItalic.ttf */ = {isa = PBXFileReference; name = "IBMPlexSans-SemiBoldItalic.ttf"; path = "../src/assets/fonts/IBMPlexSans-SemiBoldItalic.ttf"; sourceTree = "<group>"; fileEncoding = undefined; lastKnownFileType = unknown; explicitFileType = undefined; includeInIndex = 0; };
		2131B74EC0064BF4AB7B5037 /* IBMPlexSans-Thin.ttf */ = {isa = PBXFileReference; name = "IBMPlexSans-Thin.ttf"; path = "../src/assets/fonts/IBMPlexSans-Thin.ttf"; sourceTree = "<group>"; fileEncoding = undefined; lastKnownFileType = unknown; explicitFileType = undefined; includeInIndex = 0; };
		388563C2534D4862BCEB7A96 /* IBMPlexSans-ThinItalic.ttf */ = {isa = PBXFileReference; name = "IBMPlexSans-ThinItalic.ttf"; path = "../src/assets/fonts/IBMPlexSans-ThinItalic.ttf"; sourceTree = "<group>"; fileEncoding = undefined; lastKnownFileType = unknown; explicitFileType = undefined; includeInIndex = 0; };
		16882985A6344DC9BC6DDC3F /* GothamMedium.ttf */ = {isa = PBXFileReference; name = "GothamMedium.ttf"; path = "../src/assets/fonts/GothamMedium.ttf"; sourceTree = "<group>"; fileEncoding = undefined; lastKnownFileType = unknown; explicitFileType = undefined; includeInIndex = 0; };
/* End PBXFileReference section */

/* Begin PBXFrameworksBuildPhase section */
		00E356EB1AD99517003FC87E /* Frameworks */ = {
			isa = PBXFrameworksBuildPhase;
			buildActionMask = 2147483647;
			files = (
				F4A449766A207BCD84595380 /* libPods-viewresidents-viewresidentsTests.a in Frameworks */,
			);
			runOnlyForDeploymentPostprocessing = 0;
		};
		13B07F8C1A680F5B00A75B9A /* Frameworks */ = {
			isa = PBXFrameworksBuildPhase;
			buildActionMask = 2147483647;
			files = (
				06184BE3D74CABD16F9A2705 /* libPods-viewresidents.a in Frameworks */,
			);
			runOnlyForDeploymentPostprocessing = 0;
		};
/* End PBXFrameworksBuildPhase section */

/* Begin PBXGroup section */
		00E356EF1AD99517003FC87E /* viewresidentsTests */ = {
			isa = PBXGroup;
			children = (
				00E356F21AD99517003FC87E /* viewresidentsTests.m */,
				00E356F01AD99517003FC87E /* Supporting Files */,
			);
			path = viewresidentsTests;
			sourceTree = "<group>";
		};
		00E356F01AD99517003FC87E /* Supporting Files */ = {
			isa = PBXGroup;
			children = (
				00E356F11AD99517003FC87E /* Info.plist */,
			);
			name = "Supporting Files";
			sourceTree = "<group>";
		};
		13B07FAE1A68108700A75B9A /* viewresidents */ = {
			isa = PBXGroup;
			children = (
				13B07FAF1A68108700A75B9A /* AppDelegate.h */,
				13B07FB01A68108700A75B9A /* AppDelegate.m */,
				13B07FB51A68108700A75B9A /* Images.xcassets */,
				13B07FB61A68108700A75B9A /* Info.plist */,
				81AB9BB72411601600AC10FF /* LaunchScreen.storyboard */,
				13B07FB71A68108700A75B9A /* main.m */,
			);
			name = viewresidents;
			sourceTree = "<group>";
		};
		2D16E6871FA4F8E400B85C8A /* Frameworks */ = {
			isa = PBXGroup;
			children = (
				ED297162215061F000B7C4FE /* JavaScriptCore.framework */,
				40A0D763E650F5FE756B81F3 /* libPods-viewresidents.a */,
				A369C881147E13FF805EBF87 /* libPods-viewresidents-viewresidentsTests.a */,
			);
			name = Frameworks;
			sourceTree = "<group>";
		};
		3CCADBB1FC2842CAB272FE17 /* Resources */ = {
			isa = PBXGroup;
			children = (
				DFB5E9D432C7446F99C58E47 /* AntDesign.ttf */,
				A7BFE98C0B874848813740E5 /* Entypo.ttf */,
				95FC2EA73B834E90934616DA /* EvilIcons.ttf */,
				9B76C2CA1EA4486082790909 /* Feather.ttf */,
				1C78D31A300D497A926AD5BC /* FontAwesome.ttf */,
				99F1EEE6649B4D5F97203E38 /* FontAwesome5_Brands.ttf */,
				A0C98373A3084EE5BC69E774 /* FontAwesome5_Regular.ttf */,
				3258673199FC4532B2738CB4 /* FontAwesome5_Solid.ttf */,
				0042F6C92F8C4185BE0ED86E /* Fontisto.ttf */,
				2117FA900DED4A4B89E4171B /* Foundation.ttf */,
				E1A6AB40677247A3B90B511F /* Ionicons.ttf */,
				CFB2FDE22D8F4129A2B65BA2 /* MaterialCommunityIcons.ttf */,
				AFE7EAE8B6944BF7B0C80FC3 /* MaterialIcons.ttf */,
				79F4C6993C3A47C2869D2C98 /* Octicons.ttf */,
				319A26809AFB411C96D935B8 /* SimpleLineIcons.ttf */,
				F68CCDEA5F0C48A6A93EB099 /* Zocial.ttf */,
			);
			name = Resources;
			sourceTree = "<group>";
		};
		6141BCDC957C9A38FD880053 /* Pods */ = {
			isa = PBXGroup;
			children = (
				D264911518E087CCA864B3B2 /* Pods-viewresidents.debug.xcconfig */,
				F772A96F9C7480845D36F241 /* Pods-viewresidents.release.xcconfig */,
				BAB81AF882D51421CF49D933 /* Pods-viewresidents-viewresidentsTests.debug.xcconfig */,
				10E727CEA14FA8A082F31D0D /* Pods-viewresidents-viewresidentsTests.release.xcconfig */,
			);
			path = Pods;
			sourceTree = "<group>";
		};
		832341AE1AAA6A7D00B99B32 /* Libraries */ = {
			isa = PBXGroup;
			children = (
			);
			name = Libraries;
			sourceTree = "<group>";
		};
		83CBB9F61A601CBA00E9B192 = {
			isa = PBXGroup;
			children = (
				13B07FAE1A68108700A75B9A /* viewresidents */,
				832341AE1AAA6A7D00B99B32 /* Libraries */,
				00E356EF1AD99517003FC87E /* viewresidentsTests */,
				83CBBA001A601CBA00E9B192 /* Products */,
				2D16E6871FA4F8E400B85C8A /* Frameworks */,
				6141BCDC957C9A38FD880053 /* Pods */,
				3CCADBB1FC2842CAB272FE17 /* Resources */,
			);
			indentWidth = 2;
			sourceTree = "<group>";
			tabWidth = 2;
			usesTabs = 0;
		};
		83CBBA001A601CBA00E9B192 /* Products */ = {
			isa = PBXGroup;
			children = (
				13B07F961A680F5B00A75B9A /* viewresidents.app */,
				00E356EE1AD99517003FC87E /* viewresidentsTests.xctest */,
			);
			name = Products;
			sourceTree = "<group>";
		};
		3CCADBB1FC2842CAB272FE17 /* Resources */ = {
			isa = "PBXGroup";
			children = (
				DFB5E9D432C7446F99C58E47 /* AntDesign.ttf */,
				A7BFE98C0B874848813740E5 /* Entypo.ttf */,
				95FC2EA73B834E90934616DA /* EvilIcons.ttf */,
				9B76C2CA1EA4486082790909 /* Feather.ttf */,
				1C78D31A300D497A926AD5BC /* FontAwesome.ttf */,
				99F1EEE6649B4D5F97203E38 /* FontAwesome5_Brands.ttf */,
				A0C98373A3084EE5BC69E774 /* FontAwesome5_Regular.ttf */,
				3258673199FC4532B2738CB4 /* FontAwesome5_Solid.ttf */,
				0042F6C92F8C4185BE0ED86E /* Fontisto.ttf */,
				2117FA900DED4A4B89E4171B /* Foundation.ttf */,
				E1A6AB40677247A3B90B511F /* Ionicons.ttf */,
				CFB2FDE22D8F4129A2B65BA2 /* MaterialCommunityIcons.ttf */,
				AFE7EAE8B6944BF7B0C80FC3 /* MaterialIcons.ttf */,
				79F4C6993C3A47C2869D2C98 /* Octicons.ttf */,
				319A26809AFB411C96D935B8 /* SimpleLineIcons.ttf */,
				F68CCDEA5F0C48A6A93EB099 /* Zocial.ttf */,
				40546F822D604ECDADCD9936 /* IBMPlexSans-ExtraLightItalic.ttf */,
				73E461E2ACBE490DB7CC10DE /* IBMPlexSans-Bold.ttf */,
				DFAAECCE6C754687B8C0EAE9 /* IBMPlexSans-BoldItalic.ttf */,
				B173229489414CE9AE0C4E2A /* IBMPlexSans-ExtraLight.ttf */,
				8E1688D6546B421288FEC541 /* IBMPlexSans-Italic.ttf */,
				3CD4ECA519CE4FE688F0B7E2 /* IBMPlexSans-Light.ttf */,
				C0861A2ABD3841CCA5BDC30F /* IBMPlexSans-LightItalic.ttf */,
				58AE91E1BE45470EBBE10690 /* IBMPlexSans-Medium.ttf */,
				E464C4F56C4741DCB05BDE81 /* IBMPlexSans-MediumItalic.ttf */,
				4758E3185C8749D784995CAD /* IBMPlexSans-Regular.ttf */,
				6461AEB4DC934DBDAE9D2416 /* IBMPlexSans-SemiBold.ttf */,
				92C2752EE6B44E9F976AFE15 /* IBMPlexSans-SemiBoldItalic.ttf */,
				2131B74EC0064BF4AB7B5037 /* IBMPlexSans-Thin.ttf */,
				388563C2534D4862BCEB7A96 /* IBMPlexSans-ThinItalic.ttf */,
				16882985A6344DC9BC6DDC3F /* GothamMedium.ttf */,
			);
			name = Resources;
			sourceTree = "<group>";
			path = "";
		};
/* End PBXGroup section */

/* Begin PBXNativeTarget section */
		00E356ED1AD99517003FC87E /* viewresidentsTests */ = {
			isa = PBXNativeTarget;
			buildConfigurationList = 00E357021AD99517003FC87E /* Build configuration list for PBXNativeTarget "viewresidentsTests" */;
			buildPhases = (
				298C5AA77DFF6B62FC12AC3D /* [CP] Check Pods Manifest.lock */,
				00E356EA1AD99517003FC87E /* Sources */,
				00E356EB1AD99517003FC87E /* Frameworks */,
				00E356EC1AD99517003FC87E /* Resources */,
				B0D5E89E4D262C0EFDD3D4D1 /* [CP] Embed Pods Frameworks */,
				D7C301C70190453D47FE01B5 /* [CP] Copy Pods Resources */,
			);
			buildRules = (
			);
			dependencies = (
				00E356F51AD99517003FC87E /* PBXTargetDependency */,
			);
			name = viewresidentsTests;
			productName = viewresidentsTests;
			productReference = 00E356EE1AD99517003FC87E /* viewresidentsTests.xctest */;
			productType = "com.apple.product-type.bundle.unit-test";
		};
		13B07F861A680F5B00A75B9A /* viewresidents */ = {
			isa = PBXNativeTarget;
			buildConfigurationList = 13B07F931A680F5B00A75B9A /* Build configuration list for PBXNativeTarget "viewresidents" */;
			buildPhases = (
				2E221413867BFC1C4D3AB907 /* [CP] Check Pods Manifest.lock */,
				FD10A7F022414F080027D42C /* Start Packager */,
				13B07F871A680F5B00A75B9A /* Sources */,
				13B07F8C1A680F5B00A75B9A /* Frameworks */,
				13B07F8E1A680F5B00A75B9A /* Resources */,
				00DD1BFF1BD5951E006B06BC /* Bundle React Native code and images */,
				FE87E886BD07F296EBD7DC8F /* [CP] Embed Pods Frameworks */,
				26A8F6EED24BBD42B7384689 /* [CP] Copy Pods Resources */,
			);
			buildRules = (
			);
			dependencies = (
			);
			name = viewresidents;
			productName = viewresidents;
			productReference = 13B07F961A680F5B00A75B9A /* viewresidents.app */;
			productType = "com.apple.product-type.application";
		};
/* End PBXNativeTarget section */

/* Begin PBXProject section */
		83CBB9F71A601CBA00E9B192 /* Project object */ = {
			isa = PBXProject;
			attributes = {
				LastUpgradeCheck = 1210;
				TargetAttributes = {
					00E356ED1AD99517003FC87E = {
						CreatedOnToolsVersion = 6.2;
						TestTargetID = 13B07F861A680F5B00A75B9A;
					};
					13B07F861A680F5B00A75B9A = {
						LastSwiftMigration = 1120;
					};
				};
			};
			buildConfigurationList = 83CBB9FA1A601CBA00E9B192 /* Build configuration list for PBXProject "viewresidents" */;
			compatibilityVersion = "Xcode 12.0";
			developmentRegion = en;
			hasScannedForEncodings = 0;
			knownRegions = (
				en,
				Base,
			);
			mainGroup = 83CBB9F61A601CBA00E9B192;
			productRefGroup = 83CBBA001A601CBA00E9B192 /* Products */;
			projectDirPath = "";
			projectRoot = "";
			targets = (
				13B07F861A680F5B00A75B9A /* viewresidents */,
				00E356ED1AD99517003FC87E /* viewresidentsTests */,
			);
		};
/* End PBXProject section */

/* Begin PBXResourcesBuildPhase section */
		00E356EC1AD99517003FC87E /* Resources */ = {
			isa = PBXResourcesBuildPhase;
			buildActionMask = 2147483647;
			files = (
			);
			runOnlyForDeploymentPostprocessing = 0;
		};
		13B07F8E1A680F5B00A75B9A /* Resources */ = {
			isa = PBXResourcesBuildPhase;
			buildActionMask = 2147483647;
			files = (
				81AB9BB82411601600AC10FF /* LaunchScreen.storyboard in Resources */,
				13B07FBF1A68108700A75B9A /* Images.xcassets in Resources */,
				EBC5E17B23824AA9B6B231EE /* AntDesign.ttf in Resources */,
				1C0189230D9446EDAC92FAC5 /* Entypo.ttf in Resources */,
				CC93D39FFE8D4D8690A32D77 /* EvilIcons.ttf in Resources */,
				8D8045AC665F42569F34521B /* Feather.ttf in Resources */,
				DE30BDF3D02E49D3AFF39F39 /* FontAwesome.ttf in Resources */,
				3F3E82398A594B2185F2F276 /* FontAwesome5_Brands.ttf in Resources */,
				AF8243192B5445A5BFF9DDC3 /* FontAwesome5_Regular.ttf in Resources */,
				7B531EC962484EB493A168C6 /* FontAwesome5_Solid.ttf in Resources */,
				E7A1E68C2A59465B8083392B /* Fontisto.ttf in Resources */,
				19E174E58D21473A9CE5008A /* Foundation.ttf in Resources */,
				55EF8F7CA7F44A3499AD0B88 /* Ionicons.ttf in Resources */,
				2081B179ED414063A0E79D57 /* MaterialCommunityIcons.ttf in Resources */,
				B68C5988C6E44FFA95FE80BC /* MaterialIcons.ttf in Resources */,
				D2358CE2B9524DF1A72833DD /* Octicons.ttf in Resources */,
				22A0B1ABF4064E72B391A120 /* SimpleLineIcons.ttf in Resources */,
				C7B7E994D21941FAB8D268A5 /* Zocial.ttf in Resources */,
				07D31475141D42FBA10C16B8 /* IBMPlexSans-ExtraLightItalic.ttf in Resources */,
				649FAF430F624021ACE0543E /* IBMPlexSans-Bold.ttf in Resources */,
				19FCC47F3A7D440C96D7A19D /* IBMPlexSans-BoldItalic.ttf in Resources */,
				9379207899B14D8DA8FCF4F7 /* IBMPlexSans-ExtraLight.ttf in Resources */,
				7CF84A7930E847F59A5AFB90 /* IBMPlexSans-Italic.ttf in Resources */,
				E32B87F95B0D4D4985189D89 /* IBMPlexSans-Light.ttf in Resources */,
				A44EEE04EB2047BD8BA9755F /* IBMPlexSans-LightItalic.ttf in Resources */,
				FF9B8D06484F4B4D86923ED4 /* IBMPlexSans-Medium.ttf in Resources */,
				C07CA914FE774D03B5FDD3C8 /* IBMPlexSans-MediumItalic.ttf in Resources */,
				A63925C1DE0D494296333EF4 /* IBMPlexSans-Regular.ttf in Resources */,
				C868A07B85E14A76A5ACC9FB /* IBMPlexSans-SemiBold.ttf in Resources */,
				E4DDDE1C2C044B948D96FDE4 /* IBMPlexSans-SemiBoldItalic.ttf in Resources */,
				EE834FEEDCDE49098DB93D81 /* IBMPlexSans-Thin.ttf in Resources */,
				EB4CE205447D4EF795CA03B0 /* IBMPlexSans-ThinItalic.ttf in Resources */,
				D619556AAF6E4FD89A8B2BFA /* GothamMedium.ttf in Resources */,
			);
			runOnlyForDeploymentPostprocessing = 0;
		};
/* End PBXResourcesBuildPhase section */

/* Begin PBXShellScriptBuildPhase section */
		00DD1BFF1BD5951E006B06BC /* Bundle React Native code and images */ = {
			isa = PBXShellScriptBuildPhase;
			buildActionMask = 2147483647;
			files = (
			);
			inputPaths = (
			);
			name = "Bundle React Native code and images";
			outputPaths = (
			);
			runOnlyForDeploymentPostprocessing = 0;
			shellPath = /bin/sh;
			shellScript = "set -e\n\nexport NODE_BINARY=node\n../node_modules/react-native/scripts/react-native-xcode.sh\n";
		};
		26A8F6EED24BBD42B7384689 /* [CP] Copy Pods Resources */ = {
			isa = PBXShellScriptBuildPhase;
			buildActionMask = 2147483647;
			files = (
			);
			inputFileListPaths = (
				"${PODS_ROOT}/Target Support Files/Pods-viewresidents/Pods-viewresidents-resources-${CONFIGURATION}-input-files.xcfilelist",
			);
			name = "[CP] Copy Pods Resources";
			outputFileListPaths = (
				"${PODS_ROOT}/Target Support Files/Pods-viewresidents/Pods-viewresidents-resources-${CONFIGURATION}-output-files.xcfilelist",
			);
			runOnlyForDeploymentPostprocessing = 0;
			shellPath = /bin/sh;
			shellScript = "\"${PODS_ROOT}/Target Support Files/Pods-viewresidents/Pods-viewresidents-resources.sh\"\n";
			showEnvVarsInLog = 0;
		};
		298C5AA77DFF6B62FC12AC3D /* [CP] Check Pods Manifest.lock */ = {
			isa = PBXShellScriptBuildPhase;
			buildActionMask = 2147483647;
			files = (
			);
			inputFileListPaths = (
			);
			inputPaths = (
				"${PODS_PODFILE_DIR_PATH}/Podfile.lock",
				"${PODS_ROOT}/Manifest.lock",
			);
			name = "[CP] Check Pods Manifest.lock";
			outputFileListPaths = (
			);
			outputPaths = (
				"$(DERIVED_FILE_DIR)/Pods-viewresidents-viewresidentsTests-checkManifestLockResult.txt",
			);
			runOnlyForDeploymentPostprocessing = 0;
			shellPath = /bin/sh;
			shellScript = "diff \"${PODS_PODFILE_DIR_PATH}/Podfile.lock\" \"${PODS_ROOT}/Manifest.lock\" > /dev/null\nif [ $? != 0 ] ; then\n    # print error to STDERR\n    echo \"error: The sandbox is not in sync with the Podfile.lock. Run 'pod install' or update your CocoaPods installation.\" >&2\n    exit 1\nfi\n# This output is used by Xcode 'outputs' to avoid re-running this script phase.\necho \"SUCCESS\" > \"${SCRIPT_OUTPUT_FILE_0}\"\n";
			showEnvVarsInLog = 0;
		};
		2E221413867BFC1C4D3AB907 /* [CP] Check Pods Manifest.lock */ = {
			isa = PBXShellScriptBuildPhase;
			buildActionMask = 2147483647;
			files = (
			);
			inputFileListPaths = (
			);
			inputPaths = (
				"${PODS_PODFILE_DIR_PATH}/Podfile.lock",
				"${PODS_ROOT}/Manifest.lock",
			);
			name = "[CP] Check Pods Manifest.lock";
			outputFileListPaths = (
			);
			outputPaths = (
				"$(DERIVED_FILE_DIR)/Pods-viewresidents-checkManifestLockResult.txt",
			);
			runOnlyForDeploymentPostprocessing = 0;
			shellPath = /bin/sh;
			shellScript = "diff \"${PODS_PODFILE_DIR_PATH}/Podfile.lock\" \"${PODS_ROOT}/Manifest.lock\" > /dev/null\nif [ $? != 0 ] ; then\n    # print error to STDERR\n    echo \"error: The sandbox is not in sync with the Podfile.lock. Run 'pod install' or update your CocoaPods installation.\" >&2\n    exit 1\nfi\n# This output is used by Xcode 'outputs' to avoid re-running this script phase.\necho \"SUCCESS\" > \"${SCRIPT_OUTPUT_FILE_0}\"\n";
			showEnvVarsInLog = 0;
		};
		B0D5E89E4D262C0EFDD3D4D1 /* [CP] Embed Pods Frameworks */ = {
			isa = PBXShellScriptBuildPhase;
			buildActionMask = 2147483647;
			files = (
			);
			inputFileListPaths = (
				"${PODS_ROOT}/Target Support Files/Pods-viewresidents-viewresidentsTests/Pods-viewresidents-viewresidentsTests-frameworks-${CONFIGURATION}-input-files.xcfilelist",
			);
			name = "[CP] Embed Pods Frameworks";
			outputFileListPaths = (
				"${PODS_ROOT}/Target Support Files/Pods-viewresidents-viewresidentsTests/Pods-viewresidents-viewresidentsTests-frameworks-${CONFIGURATION}-output-files.xcfilelist",
			);
			runOnlyForDeploymentPostprocessing = 0;
			shellPath = /bin/sh;
			shellScript = "\"${PODS_ROOT}/Target Support Files/Pods-viewresidents-viewresidentsTests/Pods-viewresidents-viewresidentsTests-frameworks.sh\"\n";
			showEnvVarsInLog = 0;
		};
		D7C301C70190453D47FE01B5 /* [CP] Copy Pods Resources */ = {
			isa = PBXShellScriptBuildPhase;
			buildActionMask = 2147483647;
			files = (
			);
			inputFileListPaths = (
				"${PODS_ROOT}/Target Support Files/Pods-viewresidents-viewresidentsTests/Pods-viewresidents-viewresidentsTests-resources-${CONFIGURATION}-input-files.xcfilelist",
			);
			name = "[CP] Copy Pods Resources";
			outputFileListPaths = (
				"${PODS_ROOT}/Target Support Files/Pods-viewresidents-viewresidentsTests/Pods-viewresidents-viewresidentsTests-resources-${CONFIGURATION}-output-files.xcfilelist",
			);
			runOnlyForDeploymentPostprocessing = 0;
			shellPath = /bin/sh;
			shellScript = "\"${PODS_ROOT}/Target Support Files/Pods-viewresidents-viewresidentsTests/Pods-viewresidents-viewresidentsTests-resources.sh\"\n";
			showEnvVarsInLog = 0;
		};
		FD10A7F022414F080027D42C /* Start Packager */ = {
			isa = PBXShellScriptBuildPhase;
			buildActionMask = 2147483647;
			files = (
			);
			inputFileListPaths = (
			);
			inputPaths = (
			);
			name = "Start Packager";
			outputFileListPaths = (
			);
			outputPaths = (
			);
			runOnlyForDeploymentPostprocessing = 0;
			shellPath = /bin/sh;
			shellScript = "export RCT_METRO_PORT=\"${RCT_METRO_PORT:=8081}\"\necho \"export RCT_METRO_PORT=${RCT_METRO_PORT}\" > \"${SRCROOT}/../node_modules/react-native/scripts/.packager.env\"\nif [ -z \"${RCT_NO_LAUNCH_PACKAGER+xxx}\" ] ; then\n  if nc -w 5 -z localhost ${RCT_METRO_PORT} ; then\n    if ! curl -s \"http://localhost:${RCT_METRO_PORT}/status\" | grep -q \"packager-status:running\" ; then\n      echo \"Port ${RCT_METRO_PORT} already in use, packager is either not running or not running correctly\"\n      exit 2\n    fi\n  else\n    open \"$SRCROOT/../node_modules/react-native/scripts/launchPackager.command\" || echo \"Can't start packager automatically\"\n  fi\nfi\n";
			showEnvVarsInLog = 0;
		};
		FE87E886BD07F296EBD7DC8F /* [CP] Embed Pods Frameworks */ = {
			isa = PBXShellScriptBuildPhase;
			buildActionMask = 2147483647;
			files = (
			);
			inputFileListPaths = (
				"${PODS_ROOT}/Target Support Files/Pods-viewresidents/Pods-viewresidents-frameworks-${CONFIGURATION}-input-files.xcfilelist",
			);
			name = "[CP] Embed Pods Frameworks";
			outputFileListPaths = (
				"${PODS_ROOT}/Target Support Files/Pods-viewresidents/Pods-viewresidents-frameworks-${CONFIGURATION}-output-files.xcfilelist",
			);
			runOnlyForDeploymentPostprocessing = 0;
			shellPath = /bin/sh;
			shellScript = "\"${PODS_ROOT}/Target Support Files/Pods-viewresidents/Pods-viewresidents-frameworks.sh\"\n";
			showEnvVarsInLog = 0;
		};
/* End PBXShellScriptBuildPhase section */

/* Begin PBXSourcesBuildPhase section */
		00E356EA1AD99517003FC87E /* Sources */ = {
			isa = PBXSourcesBuildPhase;
			buildActionMask = 2147483647;
			files = (
				00E356F31AD99517003FC87E /* viewresidentsTests.m in Sources */,
			);
			runOnlyForDeploymentPostprocessing = 0;
		};
		13B07F871A680F5B00A75B9A /* Sources */ = {
			isa = PBXSourcesBuildPhase;
			buildActionMask = 2147483647;
			files = (
				13B07FBC1A68108700A75B9A /* AppDelegate.m in Sources */,
				13B07FC11A68108700A75B9A /* main.m in Sources */,
			);
			runOnlyForDeploymentPostprocessing = 0;
		};
/* End PBXSourcesBuildPhase section */

/* Begin PBXTargetDependency section */
		00E356F51AD99517003FC87E /* PBXTargetDependency */ = {
			isa = PBXTargetDependency;
			target = 13B07F861A680F5B00A75B9A /* viewresidents */;
			targetProxy = 00E356F41AD99517003FC87E /* PBXContainerItemProxy */;
		};
/* End PBXTargetDependency section */

/* Begin XCBuildConfiguration section */
		00E356F61AD99517003FC87E /* Debug */ = {
			isa = XCBuildConfiguration;
			baseConfigurationReference = BAB81AF882D51421CF49D933 /* Pods-viewresidents-viewresidentsTests.debug.xcconfig */;
			buildSettings = {
				BUNDLE_LOADER = "$(TEST_HOST)";
				GCC_PREPROCESSOR_DEFINITIONS = (
					"DEBUG=1",
					"$(inherited)",
				);
				INFOPLIST_FILE = viewresidentsTests/Info.plist;
				IPHONEOS_DEPLOYMENT_TARGET = 10.0;
				LD_RUNPATH_SEARCH_PATHS = (
					"$(inherited)",
					"@executable_path/Frameworks",
					"@loader_path/Frameworks",
				);
				OTHER_LDFLAGS = (
					"-ObjC",
					"-lc++",
					"$(inherited)",
				);
				PRODUCT_BUNDLE_IDENTIFIER = "org.reactjs.native.example.$(PRODUCT_NAME:rfc1034identifier)";
				PRODUCT_NAME = "$(TARGET_NAME)";
				TEST_HOST = "$(BUILT_PRODUCTS_DIR)/viewresidents.app/viewresidents";
			};
			name = Debug;
		};
		00E356F71AD99517003FC87E /* Release */ = {
			isa = XCBuildConfiguration;
			baseConfigurationReference = 10E727CEA14FA8A082F31D0D /* Pods-viewresidents-viewresidentsTests.release.xcconfig */;
			buildSettings = {
				BUNDLE_LOADER = "$(TEST_HOST)";
				COPY_PHASE_STRIP = NO;
				INFOPLIST_FILE = viewresidentsTests/Info.plist;
				IPHONEOS_DEPLOYMENT_TARGET = 10.0;
				LD_RUNPATH_SEARCH_PATHS = (
					"$(inherited)",
					"@executable_path/Frameworks",
					"@loader_path/Frameworks",
				);
				OTHER_LDFLAGS = (
					"-ObjC",
					"-lc++",
					"$(inherited)",
				);
				PRODUCT_BUNDLE_IDENTIFIER = "org.reactjs.native.example.$(PRODUCT_NAME:rfc1034identifier)";
				PRODUCT_NAME = "$(TARGET_NAME)";
				TEST_HOST = "$(BUILT_PRODUCTS_DIR)/viewresidents.app/viewresidents";
			};
			name = Release;
		};
		13B07F941A680F5B00A75B9A /* Debug */ = {
			isa = XCBuildConfiguration;
			baseConfigurationReference = D264911518E087CCA864B3B2 /* Pods-viewresidents.debug.xcconfig */;
			buildSettings = {
				ASSETCATALOG_COMPILER_APPICON_NAME = AppIcon;
				CLANG_ENABLE_MODULES = YES;
				CURRENT_PROJECT_VERSION = 1;
				ENABLE_BITCODE = NO;
				INFOPLIST_FILE = viewresidents/Info.plist;
				LD_RUNPATH_SEARCH_PATHS = (
					"$(inherited)",
					"@executable_path/Frameworks",
				);
				OTHER_LDFLAGS = (
					"$(inherited)",
					"-ObjC",
					"-lc++",
				);
				PRODUCT_BUNDLE_IDENTIFIER = "org.reactjs.native.example.$(PRODUCT_NAME:rfc1034identifier)";
				PRODUCT_NAME = viewresidents;
				SWIFT_OPTIMIZATION_LEVEL = "-Onone";
				SWIFT_VERSION = 5.0;
				VERSIONING_SYSTEM = "apple-generic";
			};
			name = Debug;
		};
		13B07F951A680F5B00A75B9A /* Release */ = {
			isa = XCBuildConfiguration;
			baseConfigurationReference = F772A96F9C7480845D36F241 /* Pods-viewresidents.release.xcconfig */;
			buildSettings = {
				ASSETCATALOG_COMPILER_APPICON_NAME = AppIcon;
				CLANG_ENABLE_MODULES = YES;
				CURRENT_PROJECT_VERSION = 1;
				INFOPLIST_FILE = viewresidents/Info.plist;
				LD_RUNPATH_SEARCH_PATHS = (
					"$(inherited)",
					"@executable_path/Frameworks",
				);
				OTHER_LDFLAGS = (
					"$(inherited)",
					"-ObjC",
					"-lc++",
				);
				PRODUCT_BUNDLE_IDENTIFIER = "org.reactjs.native.example.$(PRODUCT_NAME:rfc1034identifier)";
				PRODUCT_NAME = viewresidents;
				SWIFT_VERSION = 5.0;
				VERSIONING_SYSTEM = "apple-generic";
			};
			name = Release;
		};
		83CBBA201A601CBA00E9B192 /* Debug */ = {
			isa = XCBuildConfiguration;
			buildSettings = {
				ALWAYS_SEARCH_USER_PATHS = NO;
				CLANG_ANALYZER_LOCALIZABILITY_NONLOCALIZED = YES;
				CLANG_CXX_LANGUAGE_STANDARD = "gnu++0x";
				CLANG_CXX_LIBRARY = "libc++";
				CLANG_ENABLE_MODULES = YES;
				CLANG_ENABLE_OBJC_ARC = YES;
				CLANG_WARN_BLOCK_CAPTURE_AUTORELEASING = YES;
				CLANG_WARN_BOOL_CONVERSION = YES;
				CLANG_WARN_COMMA = YES;
				CLANG_WARN_CONSTANT_CONVERSION = YES;
				CLANG_WARN_DEPRECATED_OBJC_IMPLEMENTATIONS = YES;
				CLANG_WARN_DIRECT_OBJC_ISA_USAGE = YES_ERROR;
				CLANG_WARN_EMPTY_BODY = YES;
				CLANG_WARN_ENUM_CONVERSION = YES;
				CLANG_WARN_INFINITE_RECURSION = YES;
				CLANG_WARN_INT_CONVERSION = YES;
				CLANG_WARN_NON_LITERAL_NULL_CONVERSION = YES;
				CLANG_WARN_OBJC_IMPLICIT_RETAIN_SELF = YES;
				CLANG_WARN_OBJC_LITERAL_CONVERSION = YES;
				CLANG_WARN_OBJC_ROOT_CLASS = YES_ERROR;
				CLANG_WARN_QUOTED_INCLUDE_IN_FRAMEWORK_HEADER = YES;
				CLANG_WARN_RANGE_LOOP_ANALYSIS = YES;
				CLANG_WARN_STRICT_PROTOTYPES = YES;
				CLANG_WARN_SUSPICIOUS_MOVE = YES;
				CLANG_WARN_UNREACHABLE_CODE = YES;
				CLANG_WARN__DUPLICATE_METHOD_MATCH = YES;
				"CODE_SIGN_IDENTITY[sdk=iphoneos*]" = "iPhone Developer";
				COPY_PHASE_STRIP = NO;
				ENABLE_STRICT_OBJC_MSGSEND = YES;
				ENABLE_TESTABILITY = YES;
				"EXCLUDED_ARCHS[sdk=iphonesimulator*]" = "arm64 ";
				GCC_C_LANGUAGE_STANDARD = gnu99;
				GCC_DYNAMIC_NO_PIC = NO;
				GCC_NO_COMMON_BLOCKS = YES;
				GCC_OPTIMIZATION_LEVEL = 0;
				GCC_PREPROCESSOR_DEFINITIONS = (
					"DEBUG=1",
					"$(inherited)",
				);
				GCC_SYMBOLS_PRIVATE_EXTERN = NO;
				GCC_WARN_64_TO_32_BIT_CONVERSION = YES;
				GCC_WARN_ABOUT_RETURN_TYPE = YES_ERROR;
				GCC_WARN_UNDECLARED_SELECTOR = YES;
				GCC_WARN_UNINITIALIZED_AUTOS = YES_AGGRESSIVE;
				GCC_WARN_UNUSED_FUNCTION = YES;
				GCC_WARN_UNUSED_VARIABLE = YES;
				IPHONEOS_DEPLOYMENT_TARGET = 10.0;
				LD_RUNPATH_SEARCH_PATHS = (
					/usr/lib/swift,
					"$(inherited)",
				);
				LIBRARY_SEARCH_PATHS = (
					"\"$(TOOLCHAIN_DIR)/usr/lib/swift/$(PLATFORM_NAME)\"",
					"\"$(TOOLCHAIN_DIR)/usr/lib/swift-5.0/$(PLATFORM_NAME)\"",
					"\"$(inherited)\"",
				);
				MTL_ENABLE_DEBUG_INFO = YES;
				ONLY_ACTIVE_ARCH = YES;
				SDKROOT = iphoneos;
			};
			name = Debug;
		};
		83CBBA211A601CBA00E9B192 /* Release */ = {
			isa = XCBuildConfiguration;
			buildSettings = {
				ALWAYS_SEARCH_USER_PATHS = NO;
				CLANG_ANALYZER_LOCALIZABILITY_NONLOCALIZED = YES;
				CLANG_CXX_LANGUAGE_STANDARD = "gnu++0x";
				CLANG_CXX_LIBRARY = "libc++";
				CLANG_ENABLE_MODULES = YES;
				CLANG_ENABLE_OBJC_ARC = YES;
				CLANG_WARN_BLOCK_CAPTURE_AUTORELEASING = YES;
				CLANG_WARN_BOOL_CONVERSION = YES;
				CLANG_WARN_COMMA = YES;
				CLANG_WARN_CONSTANT_CONVERSION = YES;
				CLANG_WARN_DEPRECATED_OBJC_IMPLEMENTATIONS = YES;
				CLANG_WARN_DIRECT_OBJC_ISA_USAGE = YES_ERROR;
				CLANG_WARN_EMPTY_BODY = YES;
				CLANG_WARN_ENUM_CONVERSION = YES;
				CLANG_WARN_INFINITE_RECURSION = YES;
				CLANG_WARN_INT_CONVERSION = YES;
				CLANG_WARN_NON_LITERAL_NULL_CONVERSION = YES;
				CLANG_WARN_OBJC_IMPLICIT_RETAIN_SELF = YES;
				CLANG_WARN_OBJC_LITERAL_CONVERSION = YES;
				CLANG_WARN_OBJC_ROOT_CLASS = YES_ERROR;
				CLANG_WARN_QUOTED_INCLUDE_IN_FRAMEWORK_HEADER = YES;
				CLANG_WARN_RANGE_LOOP_ANALYSIS = YES;
				CLANG_WARN_STRICT_PROTOTYPES = YES;
				CLANG_WARN_SUSPICIOUS_MOVE = YES;
				CLANG_WARN_UNREACHABLE_CODE = YES;
				CLANG_WARN__DUPLICATE_METHOD_MATCH = YES;
				"CODE_SIGN_IDENTITY[sdk=iphoneos*]" = "iPhone Developer";
				COPY_PHASE_STRIP = YES;
				ENABLE_NS_ASSERTIONS = NO;
				ENABLE_STRICT_OBJC_MSGSEND = YES;
				"EXCLUDED_ARCHS[sdk=iphonesimulator*]" = "arm64 ";
				GCC_C_LANGUAGE_STANDARD = gnu99;
				GCC_NO_COMMON_BLOCKS = YES;
				GCC_WARN_64_TO_32_BIT_CONVERSION = YES;
				GCC_WARN_ABOUT_RETURN_TYPE = YES_ERROR;
				GCC_WARN_UNDECLARED_SELECTOR = YES;
				GCC_WARN_UNINITIALIZED_AUTOS = YES_AGGRESSIVE;
				GCC_WARN_UNUSED_FUNCTION = YES;
				GCC_WARN_UNUSED_VARIABLE = YES;
				IPHONEOS_DEPLOYMENT_TARGET = 10.0;
				LD_RUNPATH_SEARCH_PATHS = (
					/usr/lib/swift,
					"$(inherited)",
				);
				LIBRARY_SEARCH_PATHS = (
					"\"$(TOOLCHAIN_DIR)/usr/lib/swift/$(PLATFORM_NAME)\"",
					"\"$(TOOLCHAIN_DIR)/usr/lib/swift-5.0/$(PLATFORM_NAME)\"",
					"\"$(inherited)\"",
				);
				MTL_ENABLE_DEBUG_INFO = NO;
				SDKROOT = iphoneos;
				VALIDATE_PRODUCT = YES;
			};
			name = Release;
		};
/* End XCBuildConfiguration section */

/* Begin XCConfigurationList section */
		00E357021AD99517003FC87E /* Build configuration list for PBXNativeTarget "viewresidentsTests" */ = {
			isa = XCConfigurationList;
			buildConfigurations = (
				00E356F61AD99517003FC87E /* Debug */,
				00E356F71AD99517003FC87E /* Release */,
			);
			defaultConfigurationIsVisible = 0;
			defaultConfigurationName = Release;
		};
		13B07F931A680F5B00A75B9A /* Build configuration list for PBXNativeTarget "viewresidents" */ = {
			isa = XCConfigurationList;
			buildConfigurations = (
				13B07F941A680F5B00A75B9A /* Debug */,
				13B07F951A680F5B00A75B9A /* Release */,
			);
			defaultConfigurationIsVisible = 0;
			defaultConfigurationName = Release;
		};
		83CBB9FA1A601CBA00E9B192 /* Build configuration list for PBXProject "viewresidents" */ = {
			isa = XCConfigurationList;
			buildConfigurations = (
				83CBBA201A601CBA00E9B192 /* Debug */,
				83CBBA211A601CBA00E9B192 /* Release */,
			);
			defaultConfigurationIsVisible = 0;
			defaultConfigurationName = Release;
		};
/* End XCConfigurationList section */
	};
	rootObject = 83CBB9F71A601CBA00E9B192 /* Project object */;
}
